
Microsoft Visual Studio Solution File, Format Version 12.00
# Visual Studio Version 16
VisualStudioVersion = 16.0.33027.164
MinimumVisualStudioVersion = 10.0.40219.1
Project("{FAE04EC0-301F-11D3-BF4B-00C04F79EFBC}") = "EmployeeDataWebApi", "EmployeeData\EmployeeDataWebApi.csproj", "{8F360B49-D09D-4136-9C13-5FB0C08A892E}"
EndProject
Global
	GlobalSection(SolutionConfigurationPlatforms) = preSolution
		Debug|Any CPU = Debug|Any CPU
		Release|Any CPU = Release|Any CPU
	EndGlobalSection
	GlobalSection(ProjectConfigurationPlatforms) = postSolution
		{8F360B49-D09D-4136-9C13-5FB0C08A892E}.Debug|Any CPU.ActiveCfg = Debug|Any CPU
		{8F360B49-D09D-4136-9C13-5FB0C08A892E}.Debug|Any CPU.Build.0 = Debug|Any CPU
		{8F360B49-D09D-4136-9C13-5FB0C08A892E}.Release|Any CPU.ActiveCfg = Release|Any CPU
		{8F360B49-D09D-4136-9C13-5FB0C08A892E}.Release|Any CPU.Build.0 = Release|Any CPU
	EndGlobalSection
	GlobalSection(SolutionProperties) = preSolution
		HideSolutionNode = FALSE
	EndGlobalSection
	GlobalSection(ExtensibilityGlobals) = postSolution
		SolutionGuid = {4D418D3D-BA1A-408E-A82E-F33D1B62EA33}
	EndGlobalSection
EndGlobal
